
Microsoft Visual Studio Solution File, Format Version 12.00
# Visual Studio Version 17
VisualStudioVersion = 17.12.35209.166
MinimumVisualStudioVersion = 10.0.40219.1
Project("{F184B08F-C81C-45F6-A57F-5ABD9991F28F}") = "MasterDetailGrids", "MasterDetailGrids\MasterDetailGrids.vbproj", "{7D2B2BFF-F872-40C4-921E-B9269DAF4931}"
EndProject
Global
	GlobalSection(SolutionConfigurationPlatforms) = preSolution
		Debug|Any CPU = Debug|Any CPU
		Release|Any CPU = Release|Any CPU
	EndGlobalSection
	GlobalSection(ProjectConfigurationPlatforms) = postSolution
		{7D2B2BFF-F872-40C4-921E-B9269DAF4931}.Debug|Any CPU.ActiveCfg = Debug|Any CPU
		{7D2B2BFF-F872-40C4-921E-B9269DAF4931}.Debug|Any CPU.Build.0 = Debug|Any CPU
		{7D2B2BFF-F872-40C4-921E-B9269DAF4931}.Release|Any CPU.ActiveCfg = Release|Any CPU
		{7D2B2BFF-F872-40C4-921E-B9269DAF4931}.Release|Any CPU.Build.0 = Release|Any CPU
	EndGlobalSection
	GlobalSection(SolutionProperties) = preSolution
		HideSolutionNode = FALSE
	EndGlobalSection
	GlobalSection(ExtensibilityGlobals) = postSolution
		SolutionGuid = {9BCBDA70-6316-4FF8-9981-DEC21D974402}
	EndGlobalSection
EndGlobal
